{
  "pins" : [
    {
      "identity" : "realm-cocoa",
      "kind" : "remoteSourceControl",
      "location" : "https://github.com/realm/realm-cocoa.git",
      "state" : {
        "branch" : "master",
        "revision" : "d3fad65d4b193171a45ab0976029d4235efea804"
      }
    },
    {
      "identity" : "realm-core",
      "kind" : "remoteSourceControl",
      "location" : "https://github.com/realm/realm-core",
      "state" : {
        "revision" : "d97eed3ae7dff2f2e2ffbda83fa8f3b8c445c6ba",
        "version" : "11.17.0"
      }
    }
  ],
  "version" : 2
}
